
Microsoft Visual Studio Solution File, Format Version 12.00
# Visual Studio Version 17
VisualStudioVersion = 17.9.34310.174
MinimumVisualStudioVersion = 10.0.40219.1
Project("{FAE04EC0-301F-11D3-BF4B-00C04F79EFBC}") = "WebApi", "WebApi\WebApi.csproj", "{AAFDD275-7274-4D13-95C8-F12A1AB63517}"
EndProject
Global
	GlobalSection(SolutionConfigurationPlatforms) = preSolution
		Debug|Any CPU = Debug|Any CPU
		Release|Any CPU = Release|Any CPU
	EndGlobalSection
	GlobalSection(ProjectConfigurationPlatforms) = postSolution
		{AAFDD275-7274-4D13-95C8-F12A1AB63517}.Debug|Any CPU.ActiveCfg = Debug|Any CPU
		{AAFDD275-7274-4D13-95C8-F12A1AB63517}.Debug|Any CPU.Build.0 = Debug|Any CPU
		{AAFDD275-7274-4D13-95C8-F12A1AB63517}.Release|Any CPU.ActiveCfg = Release|Any CPU
		{AAFDD275-7274-4D13-95C8-F12A1AB63517}.Release|Any CPU.Build.0 = Release|Any CPU
	EndGlobalSection
	GlobalSection(SolutionProperties) = preSolution
		HideSolutionNode = FALSE
	EndGlobalSection
	GlobalSection(ExtensibilityGlobals) = postSolution
		SolutionGuid = {9B49FF83-2F36-49CD-9C01-298B7440DC6D}
	EndGlobalSection
EndGlobal
